// !$*UTF8*$!
{
	archiveVersion = 1;
	classes = {
	};
	objectVersion = 46;
	objects = {

/* Begin PBXBuildFile section */
		C4ECE96F1AE635F9009DCE7B /* AppDelegate.swift in Sources */ = {isa = PBXBuildFile; fileRef = C4ECE96E1AE635F9009DCE7B /* AppDelegate.swift */; };
		C4ECE9711AE635F9009DCE7B /* ViewController.swift in Sources */ = {isa = PBXBuildFile; fileRef = C4ECE9701AE635F9009DCE7B /* ViewController.swift */; };
		C4ECE9741AE635F9009DCE7B /* Main.storyboard in Resources */ = {isa = PBXBuildFile; fileRef = C4ECE9721AE635F9009DCE7B /* Main.storyboard */; };
		C4ECE9761AE635F9009DCE7B /* Images.xcassets in Resources */ = {isa = PBXBuildFile; fileRef = C4ECE9751AE635F9009DCE7B /* Images.xcassets */; };
		C4ECE9791AE635F9009DCE7B /* LaunchScreen.xib in Resources */ = {isa = PBXBuildFile; fileRef = C4ECE9771AE635F9009DCE7B /* LaunchScreen.xib */; };
		C4ECE9851AE635F9009DCE7B /* Cat_YearsTests.swift in Sources */ = {isa = PBXBuildFile; fileRef = C4ECE9841AE635F9009DCE7B /* Cat_YearsTests.swift */; };
		C4ECE98F1AE63772009DCE7B /* TN_cat-kitten-910.jpg in Resources */ = {isa = PBXBuildFile; fileRef = C4ECE98E1AE63772009DCE7B /* TN_cat-kitten-910.jpg */; };
/* End PBXBuildFile section */

/* Begin PBXContainerItemProxy section */
		C4ECE97F1AE635F9009DCE7B /* PBXContainerItemProxy */ = {
			isa = PBXContainerItemProxy;
			containerPortal = C4ECE9611AE635F9009DCE7B /* Project object */;
			proxyType = 1;
			remoteGlobalIDString = C4ECE9681AE635F9009DCE7B;
			remoteInfo = "Cat Years";
		};
/* End PBXContainerItemProxy section */

/* Begin PBXFileReference section */
		C4ECE9691AE635F9009DCE7B /* Cat Years.app */ = {isa = PBXFileReference; explicitFileType = wrapper.application; includeInIndex = 0; path = "Cat Years.app"; sourceTree = BUILT_PRODUCTS_DIR; };
		C4ECE96D1AE635F9009DCE7B /* Info.plist */ = {isa = PBXFileReference; lastKnownFileType = text.plist.xml; path = Info.plist; sourceTree = "<group>"; };
		C4ECE96E1AE635F9009DCE7B /* AppDelegate.swift */ = {isa = PBXFileReference; lastKnownFileType = sourcecode.swift; path = AppDelegate.swift; sourceTree = "<group>"; };
		C4ECE9701AE635F9009DCE7B /* ViewController.swift */ = {isa = PBXFileReference; lastKnownFileType = sourcecode.swift; path = ViewController.swift; sourceTree = "<group>"; };
		C4ECE9731AE635F9009DCE7B /* Base */ = {isa = PBXFileReference; lastKnownFileType = file.storyboard; name = Base; path = Base.lproj/Main.storyboard; sourceTree = "<group>"; };
		C4ECE9751AE635F9009DCE7B /* Images.xcassets */ = {isa = PBXFileReference; lastKnownFileType = folder.assetcatalog; path = Images.xcassets; sourceTree = "<group>"; };
		C4ECE9781AE635F9009DCE7B /* Base */ = {isa = PBXFileReference; lastKnownFileType = file.xib; name = Base; path = Base.lproj/LaunchScreen.xib; sourceTree = "<group>"; };
		C4ECE97E1AE635F9009DCE7B /* Cat YearsTests.xctest */ = {isa = PBXFileReference; explicitFileType = wrapper.cfbundle; includeInIndex = 0; path = "Cat YearsTests.xctest"; sourceTree = BUILT_PRODUCTS_DIR; };
		C4ECE9831AE635F9009DCE7B /* Info.plist */ = {isa = PBXFileReference; lastKnownFileType = text.plist.xml; path = Info.plist; sourceTree = "<group>"; };
		C4ECE9841AE635F9009DCE7B /* Cat_YearsTests.swift */ = {isa = PBXFileReference; lastKnownFileType = sourcecode.swift; path = Cat_YearsTests.swift; sourceTree = "<group>"; };
		C4ECE98E1AE63772009DCE7B /* TN_cat-kitten-910.jpg */ = {isa = PBXFileReference; lastKnownFileType = image.jpeg; path = "TN_cat-kitten-910.jpg"; sourceTree = "<group>"; };
/* End PBXFileReference section */

/* Begin PBXFrameworksBuildPhase section */
		C4ECE9661AE635F9009DCE7B /* Frameworks */ = {
			isa = PBXFrameworksBuildPhase;
			buildActionMask = 2147483647;
			files = (
			);
			runOnlyForDeploymentPostprocessing = 0;
		};
		C4ECE97B1AE635F9009DCE7B /* Frameworks */ = {
			isa = PBXFrameworksBuildPhase;
			buildActionMask = 2147483647;
			files = (
			);
			runOnlyForDeploymentPostprocessing = 0;
		};
/* End PBXFrameworksBuildPhase section */

/* Begin PBXGroup section */
		C4ECE9601AE635F9009DCE7B = {
			isa = PBXGroup;
			children = (
				C4ECE96B1AE635F9009DCE7B /* Cat Years */,
				C4ECE9811AE635F9009DCE7B /* Cat YearsTests */,
				C4ECE96A1AE635F9009DCE7B /* Products */,
			);
			sourceTree = "<group>";
		};
		C4ECE96A1AE635F9009DCE7B /* Products */ = {
			isa = PBXGroup;
			children = (
				C4ECE9691AE635F9009DCE7B /* Cat Years.app */,
				C4ECE97E1AE635F9009DCE7B /* Cat YearsTests.xctest */,
			);
			name = Products;
			sourceTree = "<group>";
		};
		C4ECE96B1AE635F9009DCE7B /* Cat Years */ = {
			isa = PBXGroup;
			children = (
				C4ECE96E1AE635F9009DCE7B /* AppDelegate.swift */,
				C4ECE9701AE635F9009DCE7B /* ViewController.swift */,
				C4ECE9721AE635F9009DCE7B /* Main.storyboard */,
				C4ECE98E1AE63772009DCE7B /* TN_cat-kitten-910.jpg */,
				C4ECE9751AE635F9009DCE7B /* Images.xcassets */,
				C4ECE9771AE635F9009DCE7B /* LaunchScreen.xib */,
				C4ECE96C1AE635F9009DCE7B /* Supporting Files */,
			);
			path = "Cat Years";
			sourceTree = "<group>";
		};
		C4ECE96C1AE635F9009DCE7B /* Supporting Files */ = {
			isa = PBXGroup;
			children = (
				C4ECE96D1AE635F9009DCE7B /* Info.plist */,
			);
			name = "Supporting Files";
			sourceTree = "<group>";
		};
		C4ECE9811AE635F9009DCE7B /* Cat YearsTests */ = {
			isa = PBXGroup;
			children = (
				C4ECE9841AE635F9009DCE7B /* Cat_YearsTests.swift */,
				C4ECE9821AE635F9009DCE7B /* Supporting Files */,
			);
			path = "Cat YearsTests";
			sourceTree = "<group>";
		};
		C4ECE9821AE635F9009DCE7B /* Supporting Files */ = {
			isa = PBXGroup;
			children = (
				C4ECE9831AE635F9009DCE7B /* Info.plist */,
			);
			name = "Supporting Files";
			sourceTree = "<group>";
		};
/* End PBXGroup section */

/* Begin PBXNativeTarget section */
		C4ECE9681AE635F9009DCE7B /* Cat Years */ = {
			isa = PBXNativeTarget;
			buildConfigurationList = C4ECE9881AE635F9009DCE7B /* Build configuration list for PBXNativeTarget "Cat Years" */;
			buildPhases = (
				C4ECE9651AE635F9009DCE7B /* Sources */,
				C4ECE9661AE635F9009DCE7B /* Frameworks */,
				C4ECE9671AE635F9009DCE7B /* Resources */,
			);
			buildRules = (
			);
			dependencies = (
			);
			name = "Cat Years";
			productName = "Cat Years";
			productReference = C4ECE9691AE635F9009DCE7B /* Cat Years.app */;
			productType = "com.apple.product-type.application";
		};
		C4ECE97D1AE635F9009DCE7B /* Cat YearsTests */ = {
			isa = PBXNativeTarget;
			buildConfigurationList = C4ECE98B1AE635F9009DCE7B /* Build configuration list for PBXNativeTarget "Cat YearsTests" */;
			buildPhases = (
				C4ECE97A1AE635F9009DCE7B /* Sources */,
				C4ECE97B1AE635F9009DCE7B /* Frameworks */,
				C4ECE97C1AE635F9009DCE7B /* Resources */,
			);
			buildRules = (
			);
			dependencies = (
				C4ECE9801AE635F9009DCE7B /* PBXTargetDependency */,
			);
			name = "Cat YearsTests";
			productName = "Cat YearsTests";
			productReference = C4ECE97E1AE635F9009DCE7B /* Cat YearsTests.xctest */;
			productType = "com.apple.product-type.bundle.unit-test";
		};
/* End PBXNativeTarget section */

/* Begin PBXProject section */
		C4ECE9611AE635F9009DCE7B /* Project object */ = {
			isa = PBXProject;
			attributes = {
				LastUpgradeCheck = 0630;
				ORGANIZATIONNAME = "Nebula Studio";
				TargetAttributes = {
					C4ECE9681AE635F9009DCE7B = {
						CreatedOnToolsVersion = 6.3;
					};
					C4ECE97D1AE635F9009DCE7B = {
						CreatedOnToolsVersion = 6.3;
						TestTargetID = C4ECE9681AE635F9009DCE7B;
					};
				};
			};
			buildConfigurationList = C4ECE9641AE635F9009DCE7B /* Build configuration list for PBXProject "Cat Years" */;
			compatibilityVersion = "Xcode 3.2";
			developmentRegion = English;
			hasScannedForEncodings = 0;
			knownRegions = (
				en,
				Base,
			);
			mainGroup = C4ECE9601AE635F9009DCE7B;
			productRefGroup = C4ECE96A1AE635F9009DCE7B /* Products */;
			projectDirPath = "";
			projectRoot = "";
			targets = (
				C4ECE9681AE635F9009DCE7B /* Cat Years */,
				C4ECE97D1AE635F9009DCE7B /* Cat YearsTests */,
			);
		};
/* End PBXProject section */

/* Begin PBXResourcesBuildPhase section */
		C4ECE9671AE635F9009DCE7B /* Resources */ = {
			isa = PBXResourcesBuildPhase;
			buildActionMask = 2147483647;
			files = (
				C4ECE98F1AE63772009DCE7B /* TN_cat-kitten-910.jpg in Resources */,
				C4ECE9741AE635F9009DCE7B /* Main.storyboard in Resources */,
				C4ECE9791AE635F9009DCE7B /* LaunchScreen.xib in Resources */,
				C4ECE9761AE635F9009DCE7B /* Images.xcassets in Resources */,
			);
			runOnlyForDeploymentPostprocessing = 0;
		};
		C4ECE97C1AE635F9009DCE7B /* Resources */ = {
			isa = PBXResourcesBuildPhase;
			buildActionMask = 2147483647;
			files = (
			);
			runOnlyForDeploymentPostprocessing = 0;
		};
/* End PBXResourcesBuildPhase section */

/* Begin PBXSourcesBuildPhase section */
		C4ECE9651AE635F9009DCE7B /* Sources */ = {
			isa = PBXSourcesBuildPhase;
			buildActionMask = 2147483647;
			files = (
				C4ECE9711AE635F9009DCE7B /* ViewController.swift in Sources */,
				C4ECE96F1AE635F9009DCE7B /* AppDelegate.swift in Sources */,
			);
			runOnlyForDeploymentPostprocessing = 0;
		};
		C4ECE97A1AE635F9009DCE7B /* Sources */ = {
			isa = PBXSourcesBuildPhase;
			buildActionMask = 2147483647;
			files = (
				C4ECE9851AE635F9009DCE7B /* Cat_YearsTests.swift in Sources */,
			);
			runOnlyForDeploymentPostprocessing = 0;
		};
/* End PBXSourcesBuildPhase section */

/* Begin PBXTargetDependency section */
		C4ECE9801AE635F9009DCE7B /* PBXTargetDependency */ = {
			isa = PBXTargetDependency;
			target = C4ECE9681AE635F9009DCE7B /* Cat Years */;
			targetProxy = C4ECE97F1AE635F9009DCE7B /* PBXContainerItemProxy */;
		};
/* End PBXTargetDependency section */

/* Begin PBXVariantGroup section */
		C4ECE9721AE635F9009DCE7B /* Main.storyboard */ = {
			isa = PBXVariantGroup;
			children = (
				C4ECE9731AE635F9009DCE7B /* Base */,
			);
			name = Main.storyboard;
			sourceTree = "<group>";
		};
		C4ECE9771AE635F9009DCE7B /* LaunchScreen.xib */ = {
			isa = PBXVariantGroup;
			children = (
				C4ECE9781AE635F9009DCE7B /* Base */,
			);
			name = LaunchScreen.xib;
			sourceTree = "<group>";
		};
/* End PBXVariantGroup section */

/* Begin XCBuildConfiguration section */
		C4ECE9861AE635F9009DCE7B /* Debug */ = {
			isa = XCBuildConfiguration;
			buildSettings = {
				ALWAYS_SEARCH_USER_PATHS = NO;
				CLANG_CXX_LANGUAGE_STANDARD = "gnu++0x";
				CLANG_CXX_LIBRARY = "libc++";
				CLANG_ENABLE_MODULES = YES;
				CLANG_ENABLE_OBJC_ARC = YES;
				CLANG_WARN_BOOL_CONVERSION = YES;
				CLANG_WARN_CONSTANT_CONVERSION = YES;
				CLANG_WARN_DIRECT_OBJC_ISA_USAGE = YES_ERROR;
				CLANG_WARN_EMPTY_BODY = YES;
				CLANG_WARN_ENUM_CONVERSION = YES;
				CLANG_WARN_INT_CONVERSION = YES;
				CLANG_WARN_OBJC_ROOT_CLASS = YES_ERROR;
				CLANG_WARN_UNREACHABLE_CODE = YES;
				CLANG_WARN__DUPLICATE_METHOD_MATCH = YES;
				"CODE_SIGN_IDENTITY[sdk=iphoneos*]" = "iPhone Developer";
				COPY_PHASE_STRIP = NO;
				DEBUG_INFORMATION_FORMAT = "dwarf-with-dsym";
				ENABLE_STRICT_OBJC_MSGSEND = YES;
				GCC_C_LANGUAGE_STANDARD = gnu99;
				GCC_DYNAMIC_NO_PIC = NO;
				GCC_NO_COMMON_BLOCKS = YES;
				GCC_OPTIMIZATION_LEVEL = 0;
				GCC_PREPROCESSOR_DEFINITIONS = (
					"DEBUG=1",
					"$(inherited)",
				);
				GCC_SYMBOLS_PRIVATE_EXTERN = NO;
				GCC_WARN_64_TO_32_BIT_CONVERSION = YES;
				GCC_WARN_ABOUT_RETURN_TYPE = YES_ERROR;
				GCC_WARN_UNDECLARED_SELECTOR = YES;
				GCC_WARN_UNINITIALIZED_AUTOS = YES_AGGRESSIVE;
				GCC_WARN_UNUSED_FUNCTION = YES;
				GCC_WARN_UNUSED_VARIABLE = YES;
				IPHONEOS_DEPLOYMENT_TARGET = 8.3;
				MTL_ENABLE_DEBUG_INFO = YES;
				ONLY_ACTIVE_ARCH = YES;
				SDKROOT = iphoneos;
				SWIFT_OPTIMIZATION_LEVEL = "-Onone";
			};
			name = Debug;
		};
		C4ECE9871AE635F9009DCE7B /* Release */ = {
			isa = XCBuildConfiguration;
			buildSettings = {
				ALWAYS_SEARCH_USER_PATHS = NO;
				CLANG_CXX_LANGUAGE_STANDARD = "gnu++0x";
				CLANG_CXX_LIBRARY = "libc++";
				CLANG_ENABLE_MODULES = YES;
				CLANG_ENABLE_OBJC_ARC = YES;
				CLANG_WARN_BOOL_CONVERSION = YES;
				CLANG_WARN_CONSTANT_CONVERSION = YES;
				CLANG_WARN_DIRECT_OBJC_ISA_USAGE = YES_ERROR;
				CLANG_WARN_EMPTY_BODY = YES;
				CLANG_WARN_ENUM_CONVERSION = YES;
				CLANG_WARN_INT_CONVERSION = YES;
				CLANG_WARN_OBJC_ROOT_CLASS = YES_ERROR;
				CLANG_WARN_UNREACHABLE_CODE = YES;
				CLANG_WARN__DUPLICATE_METHOD_MATCH = YES;
				"CODE_SIGN_IDENTITY[sdk=iphoneos*]" = "iPhone Developer";
				COPY_PHASE_STRIP = NO;
				DEBUG_INFORMATION_FORMAT = "dwarf-with-dsym";
				ENABLE_NS_ASSERTIONS = NO;
				ENABLE_STRICT_OBJC_MSGSEND = YES;
				GCC_C_LANGUAGE_STANDARD = gnu99;
				GCC_NO_COMMON_BLOCKS = YES;
				GCC_WARN_64_TO_32_BIT_CONVERSION = YES;
				GCC_WARN_ABOUT_RETURN_TYPE = YES_ERROR;
				GCC_WARN_UNDECLARED_SELECTOR = YES;
				GCC_WARN_UNINITIALIZED_AUTOS = YES_AGGRESSIVE;
				GCC_WARN_UNUSED_FUNCTION = YES;
				GCC_WARN_UNUSED_VARIABLE = YES;
				IPHONEOS_DEPLOYMENT_TARGET = 8.3;
				MTL_ENABLE_DEBUG_INFO = NO;
				SDKROOT = iphoneos;
				VALIDATE_PRODUCT = YES;
			};
			name = Release;
		};
		C4ECE9891AE635F9009DCE7B /* Debug */ = {
			isa = XCBuildConfiguration;
			buildSettings = {
				ASSETCATALOG_COMPILER_APPICON_NAME = AppIcon;
				CODE_SIGN_IDENTITY = "iPhone Developer";
				INFOPLIST_FILE = "Cat Years/Info.plist";
				LD_RUNPATH_SEARCH_PATHS = "$(inherited) @executable_path/Frameworks";
				PRODUCT_NAME = "$(TARGET_NAME)";
			};
			name = Debug;
		};
		C4ECE98A1AE635F9009DCE7B /* Release */ = {
			isa = XCBuildConfiguration;
			buildSettings = {
				ASSETCATALOG_COMPILER_APPICON_NAME = AppIcon;
				CODE_SIGN_IDENTITY = "iPhone Developer";
				INFOPLIST_FILE = "Cat Years/Info.plist";
				LD_RUNPATH_SEARCH_PATHS = "$(inherited) @executable_path/Frameworks";
				PRODUCT_NAME = "$(TARGET_NAME)";
			};
			name = Release;
		};
		C4ECE98C1AE635F9009DCE7B /* Debug */ = {
			isa = XCBuildConfiguration;
			buildSettings = {
				BUNDLE_LOADER = "$(TEST_HOST)";
				FRAMEWORK_SEARCH_PATHS = (
					"$(SDKROOT)/Developer/Library/Frameworks",
					"$(inherited)",
				);
				GCC_PREPROCESSOR_DEFINITIONS = (
					"DEBUG=1",
					"$(inherited)",
				);
				INFOPLIST_FILE = "Cat YearsTests/Info.plist";
				LD_RUNPATH_SEARCH_PATHS = "$(inherited) @executable_path/Frameworks @loader_path/Frameworks";
				PRODUCT_NAME = "$(TARGET_NAME)";
				TEST_HOST = "$(BUILT_PRODUCTS_DIR)/Cat Years.app/Cat Years";
			};
			name = Debug;
		};
		C4ECE98D1AE635F9009DCE7B /* Release */ = {
			isa = XCBuildConfiguration;
			buildSettings = {
				BUNDLE_LOADER = "$(TEST_HOST)";
				FRAMEWORK_SEARCH_PATHS = (
					"$(SDKROOT)/Developer/Library/Frameworks",
					"$(inherited)",
				);
				INFOPLIST_FILE = "Cat YearsTests/Info.plist";
				LD_RUNPATH_SEARCH_PATHS = "$(inherited) @executable_path/Frameworks @loader_path/Frameworks";
				PRODUCT_NAME = "$(TARGET_NAME)";
				TEST_HOST = "$(BUILT_PRODUCTS_DIR)/Cat Years.app/Cat Years";
			};
			name = Release;
		};
/* End XCBuildConfiguration section */

/* Begin XCConfigurationList section */
		C4ECE9641AE635F9009DCE7B /* Build configuration list for PBXProject "Cat Years" */ = {
			isa = XCConfigurationList;
			buildConfigurations = (
				C4ECE9861AE635F9009DCE7B /* Debug */,
				C4ECE9871AE635F9009DCE7B /* Release */,
			);
			defaultConfigurationIsVisible = 0;
			defaultConfigurationName = Release;
		};
		C4ECE9881AE635F9009DCE7B /* Build configuration list for PBXNativeTarget "Cat Years" */ = {
			isa = XCConfigurationList;
			buildConfigurations = (
				C4ECE9891AE635F9009DCE7B /* Debug */,
				C4ECE98A1AE635F9009DCE7B /* Release */,
			);
			defaultConfigurationIsVisible = 0;
			defaultConfigurationName = Release;
		};
		C4ECE98B1AE635F9009DCE7B /* Build configuration list for PBXNativeTarget "Cat YearsTests" */ = {
			isa = XCConfigurationList;
			buildConfigurations = (
				C4ECE98C1AE635F9009DCE7B /* Debug */,
				C4ECE98D1AE635F9009DCE7B /* Release */,
			);
			defaultConfigurationIsVisible = 0;
			defaultConfigurationName = Release;
		};
/* End XCConfigurationList section */
	};
	rootObject = C4ECE9611AE635F9009DCE7B /* Project object */;
}
